// !$*UTF8*$!
{
	archiveVersion = 1;
	classes = {
	};
	objectVersion = 46;
	objects = {

/* Begin PBXBuildFile section */
		3438C3CFD0731E408DB0C830 /* Pods_BookstoreSimpleDemo.framework in Frameworks */ = {isa = PBXBuildFile; fileRef = 4E1605AC373628AC3A6F12D1 /* Pods_BookstoreSimpleDemo.framework */; };
		A300A3DF1ED8559D009FA446 /* BookViewController.swift in Sources */ = {isa = PBXBuildFile; fileRef = A300A3DE1ED8559D009FA446 /* BookViewController.swift */; };
		A3CC791F1ED2B55C00AA37C8 /* AppDelegate.swift in Sources */ = {isa = PBXBuildFile; fileRef = A3CC791E1ED2B55C00AA37C8 /* AppDelegate.swift */; };
		A3CC79241ED2B55C00AA37C8 /* Main.storyboard in Resources */ = {isa = PBXBuildFile; fileRef = A3CC79221ED2B55C00AA37C8 /* Main.storyboard */; };
		A3CC79261ED2B55C00AA37C8 /* Assets.xcassets in Resources */ = {isa = PBXBuildFile; fileRef = A3CC79251ED2B55C00AA37C8 /* Assets.xcassets */; };
		A3CC79291ED2B55C00AA37C8 /* LaunchScreen.storyboard in Resources */ = {isa = PBXBuildFile; fileRef = A3CC79271ED2B55C00AA37C8 /* LaunchScreen.storyboard */; };
		A3CC79341ED2B55D00AA37C8 /* BookstoreSimpleDemoTests.swift in Sources */ = {isa = PBXBuildFile; fileRef = A3CC79331ED2B55D00AA37C8 /* BookstoreSimpleDemoTests.swift */; };
		A3CC793F1ED2B55D00AA37C8 /* BookstoreSimpleDemoUITests.swift in Sources */ = {isa = PBXBuildFile; fileRef = A3CC793E1ED2B55D00AA37C8 /* BookstoreSimpleDemoUITests.swift */; };
		A3CC794D1ED2B84100AA37C8 /* HttpHelper.swift in Sources */ = {isa = PBXBuildFile; fileRef = A3CC794C1ED2B84100AA37C8 /* HttpHelper.swift */; };
		A3CC794F1ED2BA6C00AA37C8 /* TableViewCell.swift in Sources */ = {isa = PBXBuildFile; fileRef = A3CC794E1ED2BA6C00AA37C8 /* TableViewCell.swift */; };
		A3CC79511ED2BB5100AA37C8 /* TableViewController.swift in Sources */ = {isa = PBXBuildFile; fileRef = A3CC79501ED2BB5100AA37C8 /* TableViewController.swift */; };
		A3CC79531ED2BC9F00AA37C8 /* Book.swift in Sources */ = {isa = PBXBuildFile; fileRef = A3CC79521ED2BC9F00AA37C8 /* Book.swift */; };
		A3EF5E7F1EDA8B0D0095FFB4 /* BookDelegate.swift in Sources */ = {isa = PBXBuildFile; fileRef = A3EF5E7E1EDA8B0D0095FFB4 /* BookDelegate.swift */; };
/* End PBXBuildFile section */

/* Begin PBXContainerItemProxy section */
		A3CC79301ED2B55D00AA37C8 /* PBXContainerItemProxy */ = {
			isa = PBXContainerItemProxy;
			containerPortal = A3CC79131ED2B55C00AA37C8 /* Project object */;
			proxyType = 1;
			remoteGlobalIDString = A3CC791A1ED2B55C00AA37C8;
			remoteInfo = BookstoreSimpleDemo;
		};
		A3CC793B1ED2B55D00AA37C8 /* PBXContainerItemProxy */ = {
			isa = PBXContainerItemProxy;
			containerPortal = A3CC79131ED2B55C00AA37C8 /* Project object */;
			proxyType = 1;
			remoteGlobalIDString = A3CC791A1ED2B55C00AA37C8;
			remoteInfo = BookstoreSimpleDemo;
		};
/* End PBXContainerItemProxy section */

/* Begin PBXFileReference section */
		4E1605AC373628AC3A6F12D1 /* Pods_BookstoreSimpleDemo.framework */ = {isa = PBXFileReference; explicitFileType = wrapper.framework; includeInIndex = 0; path = Pods_BookstoreSimpleDemo.framework; sourceTree = BUILT_PRODUCTS_DIR; };
		825696D417B995F5A666B7C5 /* Pods-BookstoreSimpleDemo.release.xcconfig */ = {isa = PBXFileReference; includeInIndex = 1; lastKnownFileType = text.xcconfig; name = "Pods-BookstoreSimpleDemo.release.xcconfig"; path = "Pods/Target Support Files/Pods-BookstoreSimpleDemo/Pods-BookstoreSimpleDemo.release.xcconfig"; sourceTree = "<group>"; };
		A300A3DE1ED8559D009FA446 /* BookViewController.swift */ = {isa = PBXFileReference; fileEncoding = 4; lastKnownFileType = sourcecode.swift; path = BookViewController.swift; sourceTree = "<group>"; };
		A3CC791B1ED2B55C00AA37C8 /* BookstoreSimpleDemo.app */ = {isa = PBXFileReference; explicitFileType = wrapper.application; includeInIndex = 0; path = BookstoreSimpleDemo.app; sourceTree = BUILT_PRODUCTS_DIR; };
		A3CC791E1ED2B55C00AA37C8 /* AppDelegate.swift */ = {isa = PBXFileReference; lastKnownFileType = sourcecode.swift; path = AppDelegate.swift; sourceTree = "<group>"; };
		A3CC79231ED2B55C00AA37C8 /* Base */ = {isa = PBXFileReference; lastKnownFileType = file.storyboard; name = Base; path = Base.lproj/Main.storyboard; sourceTree = "<group>"; };
		A3CC79251ED2B55C00AA37C8 /* Assets.xcassets */ = {isa = PBXFileReference; lastKnownFileType = folder.assetcatalog; path = Assets.xcassets; sourceTree = "<group>"; };
		A3CC79281ED2B55C00AA37C8 /* Base */ = {isa = PBXFileReference; lastKnownFileType = file.storyboard; name = Base; path = Base.lproj/LaunchScreen.storyboard; sourceTree = "<group>"; };
		A3CC792A1ED2B55C00AA37C8 /* Info.plist */ = {isa = PBXFileReference; lastKnownFileType = text.plist.xml; path = Info.plist; sourceTree = "<group>"; };
		A3CC792F1ED2B55D00AA37C8 /* BookstoreSimpleDemoTests.xctest */ = {isa = PBXFileReference; explicitFileType = wrapper.cfbundle; includeInIndex = 0; path = BookstoreSimpleDemoTests.xctest; sourceTree = BUILT_PRODUCTS_DIR; };
		A3CC79331ED2B55D00AA37C8 /* BookstoreSimpleDemoTests.swift */ = {isa = PBXFileReference; lastKnownFileType = sourcecode.swift; path = BookstoreSimpleDemoTests.swift; sourceTree = "<group>"; };
		A3CC79351ED2B55D00AA37C8 /* Info.plist */ = {isa = PBXFileReference; lastKnownFileType = text.plist.xml; path = Info.plist; sourceTree = "<group>"; };
		A3CC793A1ED2B55D00AA37C8 /* BookstoreSimpleDemoUITests.xctest */ = {isa = PBXFileReference; explicitFileType = wrapper.cfbundle; includeInIndex = 0; path = BookstoreSimpleDemoUITests.xctest; sourceTree = BUILT_PRODUCTS_DIR; };
		A3CC793E1ED2B55D00AA37C8 /* BookstoreSimpleDemoUITests.swift */ = {isa = PBXFileReference; lastKnownFileType = sourcecode.swift; path = BookstoreSimpleDemoUITests.swift; sourceTree = "<group>"; };
		A3CC79401ED2B55D00AA37C8 /* Info.plist */ = {isa = PBXFileReference; lastKnownFileType = text.plist.xml; path = Info.plist; sourceTree = "<group>"; };
		A3CC794C1ED2B84100AA37C8 /* HttpHelper.swift */ = {isa = PBXFileReference; fileEncoding = 4; lastKnownFileType = sourcecode.swift; path = HttpHelper.swift; sourceTree = "<group>"; };
		A3CC794E1ED2BA6C00AA37C8 /* TableViewCell.swift */ = {isa = PBXFileReference; fileEncoding = 4; lastKnownFileType = sourcecode.swift; path = TableViewCell.swift; sourceTree = "<group>"; };
		A3CC79501ED2BB5100AA37C8 /* TableViewController.swift */ = {isa = PBXFileReference; fileEncoding = 4; lastKnownFileType = sourcecode.swift; path = TableViewController.swift; sourceTree = "<group>"; };
		A3CC79521ED2BC9F00AA37C8 /* Book.swift */ = {isa = PBXFileReference; fileEncoding = 4; lastKnownFileType = sourcecode.swift; path = Book.swift; sourceTree = "<group>"; };
		A3EF5E7E1EDA8B0D0095FFB4 /* BookDelegate.swift */ = {isa = PBXFileReference; fileEncoding = 4; lastKnownFileType = sourcecode.swift; path = BookDelegate.swift; sourceTree = "<group>"; };
		EAAF066C258C6BB58E581CF8 /* Pods-BookstoreSimpleDemo.debug.xcconfig */ = {isa = PBXFileReference; includeInIndex = 1; lastKnownFileType = text.xcconfig; name = "Pods-BookstoreSimpleDemo.debug.xcconfig"; path = "Pods/Target Support Files/Pods-BookstoreSimpleDemo/Pods-BookstoreSimpleDemo.debug.xcconfig"; sourceTree = "<group>"; };
/* End PBXFileReference section */

/* Begin PBXFrameworksBuildPhase section */
		A3CC79181ED2B55C00AA37C8 /* Frameworks */ = {
			isa = PBXFrameworksBuildPhase;
			buildActionMask = 2147483647;
			files = (
				3438C3CFD0731E408DB0C830 /* Pods_BookstoreSimpleDemo.framework in Frameworks */,
			);
			runOnlyForDeploymentPostprocessing = 0;
		};
		A3CC792C1ED2B55D00AA37C8 /* Frameworks */ = {
			isa = PBXFrameworksBuildPhase;
			buildActionMask = 2147483647;
			files = (
			);
			runOnlyForDeploymentPostprocessing = 0;
		};
		A3CC79371ED2B55D00AA37C8 /* Frameworks */ = {
			isa = PBXFrameworksBuildPhase;
			buildActionMask = 2147483647;
			files = (
			);
			runOnlyForDeploymentPostprocessing = 0;
		};
/* End PBXFrameworksBuildPhase section */

/* Begin PBXGroup section */
		3FB5D8D167CAC55BD2B91AA7 /* Frameworks */ = {
			isa = PBXGroup;
			children = (
				4E1605AC373628AC3A6F12D1 /* Pods_BookstoreSimpleDemo.framework */,
			);
			name = Frameworks;
			sourceTree = "<group>";
		};
		A3CC79121ED2B55C00AA37C8 = {
			isa = PBXGroup;
			children = (
				A3CC791D1ED2B55C00AA37C8 /* BookstoreSimpleDemo */,
				A3CC79321ED2B55D00AA37C8 /* BookstoreSimpleDemoTests */,
				A3CC793D1ED2B55D00AA37C8 /* BookstoreSimpleDemoUITests */,
				A3CC791C1ED2B55C00AA37C8 /* Products */,
				DCB82D19B3F22A7FF6C2DEDB /* Pods */,
				3FB5D8D167CAC55BD2B91AA7 /* Frameworks */,
			);
			sourceTree = "<group>";
		};
		A3CC791C1ED2B55C00AA37C8 /* Products */ = {
			isa = PBXGroup;
			children = (
				A3CC791B1ED2B55C00AA37C8 /* BookstoreSimpleDemo.app */,
				A3CC792F1ED2B55D00AA37C8 /* BookstoreSimpleDemoTests.xctest */,
				A3CC793A1ED2B55D00AA37C8 /* BookstoreSimpleDemoUITests.xctest */,
			);
			name = Products;
			sourceTree = "<group>";
		};
		A3CC791D1ED2B55C00AA37C8 /* BookstoreSimpleDemo */ = {
			isa = PBXGroup;
			children = (
				A3CC791E1ED2B55C00AA37C8 /* AppDelegate.swift */,
				A3CC79221ED2B55C00AA37C8 /* Main.storyboard */,
				A3CC79251ED2B55C00AA37C8 /* Assets.xcassets */,
				A3CC79271ED2B55C00AA37C8 /* LaunchScreen.storyboard */,
				A3CC792A1ED2B55C00AA37C8 /* Info.plist */,
				A3CC794C1ED2B84100AA37C8 /* HttpHelper.swift */,
				A3CC794E1ED2BA6C00AA37C8 /* TableViewCell.swift */,
				A3CC79501ED2BB5100AA37C8 /* TableViewController.swift */,
				A3CC79521ED2BC9F00AA37C8 /* Book.swift */,
				A300A3DE1ED8559D009FA446 /* BookViewController.swift */,
				A3EF5E7E1EDA8B0D0095FFB4 /* BookDelegate.swift */,
			);
			path = BookstoreSimpleDemo;
			sourceTree = "<group>";
		};
		A3CC79321ED2B55D00AA37C8 /* BookstoreSimpleDemoTests */ = {
			isa = PBXGroup;
			children = (
				A3CC79331ED2B55D00AA37C8 /* BookstoreSimpleDemoTests.swift */,
				A3CC79351ED2B55D00AA37C8 /* Info.plist */,
			);
			path = BookstoreSimpleDemoTests;
			sourceTree = "<group>";
		};
		A3CC793D1ED2B55D00AA37C8 /* BookstoreSimpleDemoUITests */ = {
			isa = PBXGroup;
			children = (
				A3CC793E1ED2B55D00AA37C8 /* BookstoreSimpleDemoUITests.swift */,
				A3CC79401ED2B55D00AA37C8 /* Info.plist */,
			);
			path = BookstoreSimpleDemoUITests;
			sourceTree = "<group>";
		};
		DCB82D19B3F22A7FF6C2DEDB /* Pods */ = {
			isa = PBXGroup;
			children = (
				EAAF066C258C6BB58E581CF8 /* Pods-BookstoreSimpleDemo.debug.xcconfig */,
				825696D417B995F5A666B7C5 /* Pods-BookstoreSimpleDemo.release.xcconfig */,
			);
			name = Pods;
			sourceTree = "<group>";
		};
/* End PBXGroup section */

/* Begin PBXNativeTarget section */
		A3CC791A1ED2B55C00AA37C8 /* BookstoreSimpleDemo */ = {
			isa = PBXNativeTarget;
			buildConfigurationList = A3CC79431ED2B55D00AA37C8 /* Build configuration list for PBXNativeTarget "BookstoreSimpleDemo" */;
			buildPhases = (
				753FA4A99FFA1D7E4222A6EF /* [CP] Check Pods Manifest.lock */,
				A3CC79171ED2B55C00AA37C8 /* Sources */,
				A3CC79181ED2B55C00AA37C8 /* Frameworks */,
				A3CC79191ED2B55C00AA37C8 /* Resources */,
				E08B53372562749A4C83E73D /* [CP] Embed Pods Frameworks */,
				7B28F5336BC470FA64743F54 /* [CP] Copy Pods Resources */,
			);
			buildRules = (
			);
			dependencies = (
			);
			name = BookstoreSimpleDemo;
			productName = BookstoreSimpleDemo;
			productReference = A3CC791B1ED2B55C00AA37C8 /* BookstoreSimpleDemo.app */;
			productType = "com.apple.product-type.application";
		};
		A3CC792E1ED2B55D00AA37C8 /* BookstoreSimpleDemoTests */ = {
			isa = PBXNativeTarget;
			buildConfigurationList = A3CC79461ED2B55D00AA37C8 /* Build configuration list for PBXNativeTarget "BookstoreSimpleDemoTests" */;
			buildPhases = (
				A3CC792B1ED2B55D00AA37C8 /* Sources */,
				A3CC792C1ED2B55D00AA37C8 /* Frameworks */,
				A3CC792D1ED2B55D00AA37C8 /* Resources */,
			);
			buildRules = (
			);
			dependencies = (
				A3CC79311ED2B55D00AA37C8 /* PBXTargetDependency */,
			);
			name = BookstoreSimpleDemoTests;
			productName = BookstoreSimpleDemoTests;
			productReference = A3CC792F1ED2B55D00AA37C8 /* BookstoreSimpleDemoTests.xctest */;
			productType = "com.apple.product-type.bundle.unit-test";
		};
		A3CC79391ED2B55D00AA37C8 /* BookstoreSimpleDemoUITests */ = {
			isa = PBXNativeTarget;
			buildConfigurationList = A3CC79491ED2B55D00AA37C8 /* Build configuration list for PBXNativeTarget "BookstoreSimpleDemoUITests" */;
			buildPhases = (
				A3CC79361ED2B55D00AA37C8 /* Sources */,
				A3CC79371ED2B55D00AA37C8 /* Frameworks */,
				A3CC79381ED2B55D00AA37C8 /* Resources */,
			);
			buildRules = (
			);
			dependencies = (
				A3CC793C1ED2B55D00AA37C8 /* PBXTargetDependency */,
			);
			name = BookstoreSimpleDemoUITests;
			productName = BookstoreSimpleDemoUITests;
			productReference = A3CC793A1ED2B55D00AA37C8 /* BookstoreSimpleDemoUITests.xctest */;
			productType = "com.apple.product-type.bundle.ui-testing";
		};
/* End PBXNativeTarget section */

/* Begin PBXProject section */
		A3CC79131ED2B55C00AA37C8 /* Project object */ = {
			isa = PBXProject;
			attributes = {
				LastSwiftUpdateCheck = 0820;
				LastUpgradeCheck = 0820;
				ORGANIZATIONNAME = REINS;
				TargetAttributes = {
					A3CC791A1ED2B55C00AA37C8 = {
						CreatedOnToolsVersion = 8.2.1;
						ProvisioningStyle = Automatic;
					};
					A3CC792E1ED2B55D00AA37C8 = {
						CreatedOnToolsVersion = 8.2.1;
						ProvisioningStyle = Automatic;
						TestTargetID = A3CC791A1ED2B55C00AA37C8;
					};
					A3CC79391ED2B55D00AA37C8 = {
						CreatedOnToolsVersion = 8.2.1;
						ProvisioningStyle = Automatic;
						TestTargetID = A3CC791A1ED2B55C00AA37C8;
					};
				};
			};
			buildConfigurationList = A3CC79161ED2B55C00AA37C8 /* Build configuration list for PBXProject "BookstoreSimpleDemo" */;
			compatibilityVersion = "Xcode 3.2";
			developmentRegion = English;
			hasScannedForEncodings = 0;
			knownRegions = (
				en,
				Base,
			);
			mainGroup = A3CC79121ED2B55C00AA37C8;
			productRefGroup = A3CC791C1ED2B55C00AA37C8 /* Products */;
			projectDirPath = "";
			projectRoot = "";
			targets = (
				A3CC791A1ED2B55C00AA37C8 /* BookstoreSimpleDemo */,
				A3CC792E1ED2B55D00AA37C8 /* BookstoreSimpleDemoTests */,
				A3CC79391ED2B55D00AA37C8 /* BookstoreSimpleDemoUITests */,
			);
		};
/* End PBXProject section */

/* Begin PBXResourcesBuildPhase section */
		A3CC79191ED2B55C00AA37C8 /* Resources */ = {
			isa = PBXResourcesBuildPhase;
			buildActionMask = 2147483647;
			files = (
				A3CC79291ED2B55C00AA37C8 /* LaunchScreen.storyboard in Resources */,
				A3CC79261ED2B55C00AA37C8 /* Assets.xcassets in Resources */,
				A3CC79241ED2B55C00AA37C8 /* Main.storyboard in Resources */,
			);
			runOnlyForDeploymentPostprocessing = 0;
		};
		A3CC792D1ED2B55D00AA37C8 /* Resources */ = {
			isa = PBXResourcesBuildPhase;
			buildActionMask = 2147483647;
			files = (
			);
			runOnlyForDeploymentPostprocessing = 0;
		};
		A3CC79381ED2B55D00AA37C8 /* Resources */ = {
			isa = PBXResourcesBuildPhase;
			buildActionMask = 2147483647;
			files = (
			);
			runOnlyForDeploymentPostprocessing = 0;
		};
/* End PBXResourcesBuildPhase section */

/* Begin PBXShellScriptBuildPhase section */
		753FA4A99FFA1D7E4222A6EF /* [CP] Check Pods Manifest.lock */ = {
			isa = PBXShellScriptBuildPhase;
			buildActionMask = 2147483647;
			files = (
			);
			inputPaths = (
			);
			name = "[CP] Check Pods Manifest.lock";
			outputPaths = (
			);
			runOnlyForDeploymentPostprocessing = 0;
			shellPath = /bin/sh;
			shellScript = "diff \"${PODS_ROOT}/../Podfile.lock\" \"${PODS_ROOT}/Manifest.lock\" > /dev/null\nif [ $? != 0 ] ; then\n    # print error to STDERR\n    echo \"error: The sandbox is not in sync with the Podfile.lock. Run 'pod install' or update your CocoaPods installation.\" >&2\n    exit 1\nfi\n";
			showEnvVarsInLog = 0;
		};
		7B28F5336BC470FA64743F54 /* [CP] Copy Pods Resources */ = {
			isa = PBXShellScriptBuildPhase;
			buildActionMask = 2147483647;
			files = (
			);
			inputPaths = (
			);
			name = "[CP] Copy Pods Resources";
			outputPaths = (
			);
			runOnlyForDeploymentPostprocessing = 0;
			shellPath = /bin/sh;
			shellScript = "\"${SRCROOT}/Pods/Target Support Files/Pods-BookstoreSimpleDemo/Pods-BookstoreSimpleDemo-resources.sh\"\n";
			showEnvVarsInLog = 0;
		};
		E08B53372562749A4C83E73D /* [CP] Embed Pods Frameworks */ = {
			isa = PBXShellScriptBuildPhase;
			buildActionMask = 2147483647;
			files = (
			);
			inputPaths = (
			);
			name = "[CP] Embed Pods Frameworks";
			outputPaths = (
			);
			runOnlyForDeploymentPostprocessing = 0;
			shellPath = /bin/sh;
			shellScript = "\"${SRCROOT}/Pods/Target Support Files/Pods-BookstoreSimpleDemo/Pods-BookstoreSimpleDemo-frameworks.sh\"\n";
			showEnvVarsInLog = 0;
		};
/* End PBXShellScriptBuildPhase section */

/* Begin PBXSourcesBuildPhase section */
		A3CC79171ED2B55C00AA37C8 /* Sources */ = {
			isa = PBXSourcesBuildPhase;
			buildActionMask = 2147483647;
			files = (
				A3CC794F1ED2BA6C00AA37C8 /* TableViewCell.swift in Sources */,
				A3CC79531ED2BC9F00AA37C8 /* Book.swift in Sources */,
				A3CC791F1ED2B55C00AA37C8 /* AppDelegate.swift in Sources */,
				A3EF5E7F1EDA8B0D0095FFB4 /* BookDelegate.swift in Sources */,
				A300A3DF1ED8559D009FA446 /* BookViewController.swift in Sources */,
				A3CC79511ED2BB5100AA37C8 /* TableViewController.swift in Sources */,
				A3CC794D1ED2B84100AA37C8 /* HttpHelper.swift in Sources */,
			);
			runOnlyForDeploymentPostprocessing = 0;
		};
		A3CC792B1ED2B55D00AA37C8 /* Sources */ = {
			isa = PBXSourcesBuildPhase;
			buildActionMask = 2147483647;
			files = (
				A3CC79341ED2B55D00AA37C8 /* BookstoreSimpleDemoTests.swift in Sources */,
			);
			runOnlyForDeploymentPostprocessing = 0;
		};
		A3CC79361ED2B55D00AA37C8 /* Sources */ = {
			isa = PBXSourcesBuildPhase;
			buildActionMask = 2147483647;
			files = (
				A3CC793F1ED2B55D00AA37C8 /* BookstoreSimpleDemoUITests.swift in Sources */,
			);
			runOnlyForDeploymentPostprocessing = 0;
		};
/* End PBXSourcesBuildPhase section */

/* Begin PBXTargetDependency section */
		A3CC79311ED2B55D00AA37C8 /* PBXTargetDependency */ = {
			isa = PBXTargetDependency;
			target = A3CC791A1ED2B55C00AA37C8 /* BookstoreSimpleDemo */;
			targetProxy = A3CC79301ED2B55D00AA37C8 /* PBXContainerItemProxy */;
		};
		A3CC793C1ED2B55D00AA37C8 /* PBXTargetDependency */ = {
			isa = PBXTargetDependency;
			target = A3CC791A1ED2B55C00AA37C8 /* BookstoreSimpleDemo */;
			targetProxy = A3CC793B1ED2B55D00AA37C8 /* PBXContainerItemProxy */;
		};
/* End PBXTargetDependency section */

/* Begin PBXVariantGroup section */
		A3CC79221ED2B55C00AA37C8 /* Main.storyboard */ = {
			isa = PBXVariantGroup;
			children = (
				A3CC79231ED2B55C00AA37C8 /* Base */,
			);
			name = Main.storyboard;
			sourceTree = "<group>";
		};
		A3CC79271ED2B55C00AA37C8 /* LaunchScreen.storyboard */ = {
			isa = PBXVariantGroup;
			children = (
				A3CC79281ED2B55C00AA37C8 /* Base */,
			);
			name = LaunchScreen.storyboard;
			sourceTree = "<group>";
		};
/* End PBXVariantGroup section */

/* Begin XCBuildConfiguration section */
		A3CC79411ED2B55D00AA37C8 /* Debug */ = {
			isa = XCBuildConfiguration;
			buildSettings = {
				ALWAYS_SEARCH_USER_PATHS = NO;
				CLANG_ANALYZER_NONNULL = YES;
				CLANG_CXX_LANGUAGE_STANDARD = "gnu++0x";
				CLANG_CXX_LIBRARY = "libc++";
				CLANG_ENABLE_MODULES = YES;
				CLANG_ENABLE_OBJC_ARC = YES;
				CLANG_WARN_BOOL_CONVERSION = YES;
				CLANG_WARN_CONSTANT_CONVERSION = YES;
				CLANG_WARN_DIRECT_OBJC_ISA_USAGE = YES_ERROR;
				CLANG_WARN_DOCUMENTATION_COMMENTS = YES;
				CLANG_WARN_EMPTY_BODY = YES;
				CLANG_WARN_ENUM_CONVERSION = YES;
				CLANG_WARN_INFINITE_RECURSION = YES;
				CLANG_WARN_INT_CONVERSION = YES;
				CLANG_WARN_OBJC_ROOT_CLASS = YES_ERROR;
				CLANG_WARN_SUSPICIOUS_MOVE = YES;
				CLANG_WARN_UNREACHABLE_CODE = YES;
				CLANG_WARN__DUPLICATE_METHOD_MATCH = YES;
				"CODE_SIGN_IDENTITY[sdk=iphoneos*]" = "iPhone Developer";
				COPY_PHASE_STRIP = NO;
				DEBUG_INFORMATION_FORMAT = dwarf;
				ENABLE_STRICT_OBJC_MSGSEND = YES;
				ENABLE_TESTABILITY = YES;
				GCC_C_LANGUAGE_STANDARD = gnu99;
				GCC_DYNAMIC_NO_PIC = NO;
				GCC_NO_COMMON_BLOCKS = YES;
				GCC_OPTIMIZATION_LEVEL = 0;
				GCC_PREPROCESSOR_DEFINITIONS = (
					"DEBUG=1",
					"$(inherited)",
				);
				GCC_WARN_64_TO_32_BIT_CONVERSION = YES;
				GCC_WARN_ABOUT_RETURN_TYPE = YES_ERROR;
				GCC_WARN_UNDECLARED_SELECTOR = YES;
				GCC_WARN_UNINITIALIZED_AUTOS = YES_AGGRESSIVE;
				GCC_WARN_UNUSED_FUNCTION = YES;
				GCC_WARN_UNUSED_VARIABLE = YES;
				IPHONEOS_DEPLOYMENT_TARGET = 10.2;
				MTL_ENABLE_DEBUG_INFO = YES;
				ONLY_ACTIVE_ARCH = YES;
				SDKROOT = iphoneos;
				SWIFT_ACTIVE_COMPILATION_CONDITIONS = DEBUG;
				SWIFT_OPTIMIZATION_LEVEL = "-Onone";
				TARGETED_DEVICE_FAMILY = "1,2";
			};
			name = Debug;
		};
		A3CC79421ED2B55D00AA37C8 /* Release */ = {
			isa = XCBuildConfiguration;
			buildSettings = {
				ALWAYS_SEARCH_USER_PATHS = NO;
				CLANG_ANALYZER_NONNULL = YES;
				CLANG_CXX_LANGUAGE_STANDARD = "gnu++0x";
				CLANG_CXX_LIBRARY = "libc++";
				CLANG_ENABLE_MODULES = YES;
				CLANG_ENABLE_OBJC_ARC = YES;
				CLANG_WARN_BOOL_CONVERSION = YES;
				CLANG_WARN_CONSTANT_CONVERSION = YES;
				CLANG_WARN_DIRECT_OBJC_ISA_USAGE = YES_ERROR;
				CLANG_WARN_DOCUMENTATION_COMMENTS = YES;
				CLANG_WARN_EMPTY_BODY = YES;
				CLANG_WARN_ENUM_CONVERSION = YES;
				CLANG_WARN_INFINITE_RECURSION = YES;
				CLANG_WARN_INT_CONVERSION = YES;
				CLANG_WARN_OBJC_ROOT_CLASS = YES_ERROR;
				CLANG_WARN_SUSPICIOUS_MOVE = YES;
				CLANG_WARN_UNREACHABLE_CODE = YES;
				CLANG_WARN__DUPLICATE_METHOD_MATCH = YES;
				"CODE_SIGN_IDENTITY[sdk=iphoneos*]" = "iPhone Developer";
				COPY_PHASE_STRIP = NO;
				DEBUG_INFORMATION_FORMAT = "dwarf-with-dsym";
				ENABLE_NS_ASSERTIONS = NO;
				ENABLE_STRICT_OBJC_MSGSEND = YES;
				GCC_C_LANGUAGE_STANDARD = gnu99;
				GCC_NO_COMMON_BLOCKS = YES;
				GCC_WARN_64_TO_32_BIT_CONVERSION = YES;
				GCC_WARN_ABOUT_RETURN_TYPE = YES_ERROR;
				GCC_WARN_UNDECLARED_SELECTOR = YES;
				GCC_WARN_UNINITIALIZED_AUTOS = YES_AGGRESSIVE;
				GCC_WARN_UNUSED_FUNCTION = YES;
				GCC_WARN_UNUSED_VARIABLE = YES;
				IPHONEOS_DEPLOYMENT_TARGET = 10.2;
				MTL_ENABLE_DEBUG_INFO = NO;
				SDKROOT = iphoneos;
				SWIFT_OPTIMIZATION_LEVEL = "-Owholemodule";
				TARGETED_DEVICE_FAMILY = "1,2";
				VALIDATE_PRODUCT = YES;
			};
			name = Release;
		};
		A3CC79441ED2B55D00AA37C8 /* Debug */ = {
			isa = XCBuildConfiguration;
			baseConfigurationReference = EAAF066C258C6BB58E581CF8 /* Pods-BookstoreSimpleDemo.debug.xcconfig */;
			buildSettings = {
				ASSETCATALOG_COMPILER_APPICON_NAME = AppIcon;
				INFOPLIST_FILE = BookstoreSimpleDemo/Info.plist;
				LD_RUNPATH_SEARCH_PATHS = "$(inherited) @executable_path/Frameworks";
				PRODUCT_BUNDLE_IDENTIFIER = com.example.BookstoreSimpleDemo;
				PRODUCT_NAME = "$(TARGET_NAME)";
				SWIFT_VERSION = 3.0;
			};
			name = Debug;
		};
		A3CC79451ED2B55D00AA37C8 /* Release */ = {
			isa = XCBuildConfiguration;
			baseConfigurationReference = 825696D417B995F5A666B7C5 /* Pods-BookstoreSimpleDemo.release.xcconfig */;
			buildSettings = {
				ASSETCATALOG_COMPILER_APPICON_NAME = AppIcon;
				INFOPLIST_FILE = BookstoreSimpleDemo/Info.plist;
				LD_RUNPATH_SEARCH_PATHS = "$(inherited) @executable_path/Frameworks";
				PRODUCT_BUNDLE_IDENTIFIER = com.example.BookstoreSimpleDemo;
				PRODUCT_NAME = "$(TARGET_NAME)";
				SWIFT_VERSION = 3.0;
			};
			name = Release;
		};
		A3CC79471ED2B55D00AA37C8 /* Debug */ = {
			isa = XCBuildConfiguration;
			buildSettings = {
				ALWAYS_EMBED_SWIFT_STANDARD_LIBRARIES = YES;
				BUNDLE_LOADER = "$(TEST_HOST)";
				INFOPLIST_FILE = BookstoreSimpleDemoTests/Info.plist;
				LD_RUNPATH_SEARCH_PATHS = "$(inherited) @executable_path/Frameworks @loader_path/Frameworks";
				PRODUCT_BUNDLE_IDENTIFIER = com.reins.BookstoreSimpleDemoTests;
				PRODUCT_NAME = "$(TARGET_NAME)";
				SWIFT_VERSION = 3.0;
				TEST_HOST = "$(BUILT_PRODUCTS_DIR)/BookstoreSimpleDemo.app/BookstoreSimpleDemo";
			};
			name = Debug;
		};
		A3CC79481ED2B55D00AA37C8 /* Release */ = {
			isa = XCBuildConfiguration;
			buildSettings = {
				ALWAYS_EMBED_SWIFT_STANDARD_LIBRARIES = YES;
				BUNDLE_LOADER = "$(TEST_HOST)";
				INFOPLIST_FILE = BookstoreSimpleDemoTests/Info.plist;
				LD_RUNPATH_SEARCH_PATHS = "$(inherited) @executable_path/Frameworks @loader_path/Frameworks";
				PRODUCT_BUNDLE_IDENTIFIER = com.reins.BookstoreSimpleDemoTests;
				PRODUCT_NAME = "$(TARGET_NAME)";
				SWIFT_VERSION = 3.0;
				TEST_HOST = "$(BUILT_PRODUCTS_DIR)/BookstoreSimpleDemo.app/BookstoreSimpleDemo";
			};
			name = Release;
		};
		A3CC794A1ED2B55D00AA37C8 /* Debug */ = {
			isa = XCBuildConfiguration;
			buildSettings = {
				ALWAYS_EMBED_SWIFT_STANDARD_LIBRARIES = YES;
				INFOPLIST_FILE = BookstoreSimpleDemoUITests/Info.plist;
				LD_RUNPATH_SEARCH_PATHS = "$(inherited) @executable_path/Frameworks @loader_path/Frameworks";
				PRODUCT_BUNDLE_IDENTIFIER = com.reins.BookstoreSimpleDemoUITests;
				PRODUCT_NAME = "$(TARGET_NAME)";
				SWIFT_VERSION = 3.0;
				TEST_TARGET_NAME = BookstoreSimpleDemo;
			};
			name = Debug;
		};
		A3CC794B1ED2B55D00AA37C8 /* Release */ = {
			isa = XCBuildConfiguration;
			buildSettings = {
				ALWAYS_EMBED_SWIFT_STANDARD_LIBRARIES = YES;
				INFOPLIST_FILE = BookstoreSimpleDemoUITests/Info.plist;
				LD_RUNPATH_SEARCH_PATHS = "$(inherited) @executable_path/Frameworks @loader_path/Frameworks";
				PRODUCT_BUNDLE_IDENTIFIER = com.reins.BookstoreSimpleDemoUITests;
				PRODUCT_NAME = "$(TARGET_NAME)";
				SWIFT_VERSION = 3.0;
				TEST_TARGET_NAME = BookstoreSimpleDemo;
			};
			name = Release;
		};
/* End XCBuildConfiguration section */

/* Begin XCConfigurationList section */
		A3CC79161ED2B55C00AA37C8 /* Build configuration list for PBXProject "BookstoreSimpleDemo" */ = {
			isa = XCConfigurationList;
			buildConfigurations = (
				A3CC79411ED2B55D00AA37C8 /* Debug */,
				A3CC79421ED2B55D00AA37C8 /* Release */,
			);
			defaultConfigurationIsVisible = 0;
			defaultConfigurationName = Release;
		};
		A3CC79431ED2B55D00AA37C8 /* Build configuration list for PBXNativeTarget "BookstoreSimpleDemo" */ = {
			isa = XCConfigurationList;
			buildConfigurations = (
				A3CC79441ED2B55D00AA37C8 /* Debug */,
				A3CC79451ED2B55D00AA37C8 /* Release */,
			);
			defaultConfigurationIsVisible = 0;
			defaultConfigurationName = Release;
		};
		A3CC79461ED2B55D00AA37C8 /* Build configuration list for PBXNativeTarget "BookstoreSimpleDemoTests" */ = {
			isa = XCConfigurationList;
			buildConfigurations = (
				A3CC79471ED2B55D00AA37C8 /* Debug */,
				A3CC79481ED2B55D00AA37C8 /* Release */,
			);
			defaultConfigurationIsVisible = 0;
			defaultConfigurationName = Release;
		};
		A3CC79491ED2B55D00AA37C8 /* Build configuration list for PBXNativeTarget "BookstoreSimpleDemoUITests" */ = {
			isa = XCConfigurationList;
			buildConfigurations = (
				A3CC794A1ED2B55D00AA37C8 /* Debug */,
				A3CC794B1ED2B55D00AA37C8 /* Release */,
			);
			defaultConfigurationIsVisible = 0;
			defaultConfigurationName = Release;
		};
/* End XCConfigurationList section */
	};
	rootObject = A3CC79131ED2B55C00AA37C8 /* Project object */;
}
